
Microsoft Visual Studio Solution File, Format Version 12.00
# Visual Studio Version 17
VisualStudioVersion = 17.9.34607.119
MinimumVisualStudioVersion = 10.0.40219.1
Project("{FAE04EC0-301F-11D3-BF4B-00C04F79EFBC}") = "Demo", "Demo.csproj", "{970B82A9-8A15-47BB-9EA6-EB999636A0E7}"
EndProject
Global
	GlobalSection(SolutionConfigurationPlatforms) = preSolution
		Debug|Any CPU = Debug|Any CPU
		Release|Any CPU = Release|Any CPU
	EndGlobalSection
	GlobalSection(ProjectConfigurationPlatforms) = postSolution
		{970B82A9-8A15-47BB-9EA6-EB999636A0E7}.Debug|Any CPU.ActiveCfg = Debug|Any CPU
		{970B82A9-8A15-47BB-9EA6-EB999636A0E7}.Debug|Any CPU.Build.0 = Debug|Any CPU
		{970B82A9-8A15-47BB-9EA6-EB999636A0E7}.Release|Any CPU.ActiveCfg = Release|Any CPU
		{970B82A9-8A15-47BB-9EA6-EB999636A0E7}.Release|Any CPU.Build.0 = Release|Any CPU
	EndGlobalSection
	GlobalSection(SolutionProperties) = preSolution
		HideSolutionNode = FALSE
	EndGlobalSection
	GlobalSection(ExtensibilityGlobals) = postSolution
		SolutionGuid = {6B3C68FB-1FF9-46CF-A7C6-0A1B1B179432}
	EndGlobalSection
EndGlobal
